
Microsoft Visual Studio Solution File, Format Version 12.00
# Visual Studio Version 17
VisualStudioVersion = 17.13.35931.197 d17.13
MinimumVisualStudioVersion = 10.0.40219.1
Project("{FAE04EC0-301F-11D3-BF4B-00C04F79EFBC}") = "BlockedCountriesWepApi", "BlockedCountriesWepApi\BlockedCountriesWepApi.csproj", "{AD42ABDC-C78A-41B8-86E0-32394139374F}"
EndProject
Global
	GlobalSection(SolutionConfigurationPlatforms) = preSolution
		Debug|Any CPU = Debug|Any CPU
		Release|Any CPU = Release|Any CPU
	EndGlobalSection
	GlobalSection(ProjectConfigurationPlatforms) = postSolution
		{AD42ABDC-C78A-41B8-86E0-32394139374F}.Debug|Any CPU.ActiveCfg = Debug|Any CPU
		{AD42ABDC-C78A-41B8-86E0-32394139374F}.Debug|Any CPU.Build.0 = Debug|Any CPU
		{AD42ABDC-C78A-41B8-86E0-32394139374F}.Release|Any CPU.ActiveCfg = Release|Any CPU
		{AD42ABDC-C78A-41B8-86E0-32394139374F}.Release|Any CPU.Build.0 = Release|Any CPU
	EndGlobalSection
	GlobalSection(SolutionProperties) = preSolution
		HideSolutionNode = FALSE
	EndGlobalSection
	GlobalSection(ExtensibilityGlobals) = postSolution
		SolutionGuid = {75B6DF1E-6368-4212-B143-35B2CB3385DA}
	EndGlobalSection
EndGlobal
